// !$*UTF8*$!
{
	archiveVersion = 1;
	classes = {
	};
	objectVersion = 46;
	objects = {

/* Begin PBXBuildFile section */
		C1C63E5E1B6765D000F0D13E /* AppDelegate.swift in Sources */ = {isa = PBXBuildFile; fileRef = C1C63E5D1B6765D000F0D13E /* AppDelegate.swift */; };
		C1C63E601B6765D000F0D13E /* ViewController.swift in Sources */ = {isa = PBXBuildFile; fileRef = C1C63E5F1B6765D000F0D13E /* ViewController.swift */; };
		C1C63E631B6765D000F0D13E /* Main.storyboard in Resources */ = {isa = PBXBuildFile; fileRef = C1C63E611B6765D000F0D13E /* Main.storyboard */; };
		C1C63E651B6765D000F0D13E /* Images.xcassets in Resources */ = {isa = PBXBuildFile; fileRef = C1C63E641B6765D000F0D13E /* Images.xcassets */; };
		C1C63E681B6765D000F0D13E /* LaunchScreen.xib in Resources */ = {isa = PBXBuildFile; fileRef = C1C63E661B6765D000F0D13E /* LaunchScreen.xib */; };
		C1C63E741B6765D000F0D13E /* test_notificationTests.swift in Sources */ = {isa = PBXBuildFile; fileRef = C1C63E731B6765D000F0D13E /* test_notificationTests.swift */; };
/* End PBXBuildFile section */

/* Begin PBXContainerItemProxy section */
		C1C63E6E1B6765D000F0D13E /* PBXContainerItemProxy */ = {
			isa = PBXContainerItemProxy;
			containerPortal = C1C63E501B6765D000F0D13E /* Project object */;
			proxyType = 1;
			remoteGlobalIDString = C1C63E571B6765D000F0D13E;
			remoteInfo = test_notification;
		};
/* End PBXContainerItemProxy section */

/* Begin PBXFileReference section */
		C1C63E581B6765D000F0D13E /* test_notification.app */ = {isa = PBXFileReference; explicitFileType = wrapper.application; includeInIndex = 0; path = test_notification.app; sourceTree = BUILT_PRODUCTS_DIR; };
		C1C63E5C1B6765D000F0D13E /* Info.plist */ = {isa = PBXFileReference; lastKnownFileType = text.plist.xml; path = Info.plist; sourceTree = "<group>"; };
		C1C63E5D1B6765D000F0D13E /* AppDelegate.swift */ = {isa = PBXFileReference; lastKnownFileType = sourcecode.swift; path = AppDelegate.swift; sourceTree = "<group>"; };
		C1C63E5F1B6765D000F0D13E /* ViewController.swift */ = {isa = PBXFileReference; lastKnownFileType = sourcecode.swift; path = ViewController.swift; sourceTree = "<group>"; };
		C1C63E621B6765D000F0D13E /* Base */ = {isa = PBXFileReference; lastKnownFileType = file.storyboard; name = Base; path = Base.lproj/Main.storyboard; sourceTree = "<group>"; };
		C1C63E641B6765D000F0D13E /* Images.xcassets */ = {isa = PBXFileReference; lastKnownFileType = folder.assetcatalog; path = Images.xcassets; sourceTree = "<group>"; };
		C1C63E671B6765D000F0D13E /* Base */ = {isa = PBXFileReference; lastKnownFileType = file.xib; name = Base; path = Base.lproj/LaunchScreen.xib; sourceTree = "<group>"; };
		C1C63E6D1B6765D000F0D13E /* test_notificationTests.xctest */ = {isa = PBXFileReference; explicitFileType = wrapper.cfbundle; includeInIndex = 0; path = test_notificationTests.xctest; sourceTree = BUILT_PRODUCTS_DIR; };
		C1C63E721B6765D000F0D13E /* Info.plist */ = {isa = PBXFileReference; lastKnownFileType = text.plist.xml; path = Info.plist; sourceTree = "<group>"; };
		C1C63E731B6765D000F0D13E /* test_notificationTests.swift */ = {isa = PBXFileReference; lastKnownFileType = sourcecode.swift; path = test_notificationTests.swift; sourceTree = "<group>"; };
/* End PBXFileReference section */

/* Begin PBXFrameworksBuildPhase section */
		C1C63E551B6765D000F0D13E /* Frameworks */ = {
			isa = PBXFrameworksBuildPhase;
			buildActionMask = 2147483647;
			files = (
			);
			runOnlyForDeploymentPostprocessing = 0;
		};
		C1C63E6A1B6765D000F0D13E /* Frameworks */ = {
			isa = PBXFrameworksBuildPhase;
			buildActionMask = 2147483647;
			files = (
			);
			runOnlyForDeploymentPostprocessing = 0;
		};
/* End PBXFrameworksBuildPhase section */

/* Begin PBXGroup section */
		C1C63E4F1B6765D000F0D13E = {
			isa = PBXGroup;
			children = (
				C1C63E5A1B6765D000F0D13E /* test_notification */,
				C1C63E701B6765D000F0D13E /* test_notificationTests */,
				C1C63E591B6765D000F0D13E /* Products */,
			);
			sourceTree = "<group>";
		};
		C1C63E591B6765D000F0D13E /* Products */ = {
			isa = PBXGroup;
			children = (
				C1C63E581B6765D000F0D13E /* test_notification.app */,
				C1C63E6D1B6765D000F0D13E /* test_notificationTests.xctest */,
			);
			name = Products;
			sourceTree = "<group>";
		};
		C1C63E5A1B6765D000F0D13E /* test_notification */ = {
			isa = PBXGroup;
			children = (
				C1C63E5D1B6765D000F0D13E /* AppDelegate.swift */,
				C1C63E5F1B6765D000F0D13E /* ViewController.swift */,
				C1C63E611B6765D000F0D13E /* Main.storyboard */,
				C1C63E641B6765D000F0D13E /* Images.xcassets */,
				C1C63E661B6765D000F0D13E /* LaunchScreen.xib */,
				C1C63E5B1B6765D000F0D13E /* Supporting Files */,
			);
			path = test_notification;
			sourceTree = "<group>";
		};
		C1C63E5B1B6765D000F0D13E /* Supporting Files */ = {
			isa = PBXGroup;
			children = (
				C1C63E5C1B6765D000F0D13E /* Info.plist */,
			);
			name = "Supporting Files";
			sourceTree = "<group>";
		};
		C1C63E701B6765D000F0D13E /* test_notificationTests */ = {
			isa = PBXGroup;
			children = (
				C1C63E731B6765D000F0D13E /* test_notificationTests.swift */,
				C1C63E711B6765D000F0D13E /* Supporting Files */,
			);
			path = test_notificationTests;
			sourceTree = "<group>";
		};
		C1C63E711B6765D000F0D13E /* Supporting Files */ = {
			isa = PBXGroup;
			children = (
				C1C63E721B6765D000F0D13E /* Info.plist */,
			);
			name = "Supporting Files";
			sourceTree = "<group>";
		};
/* End PBXGroup section */

/* Begin PBXNativeTarget section */
		C1C63E571B6765D000F0D13E /* test_notification */ = {
			isa = PBXNativeTarget;
			buildConfigurationList = C1C63E771B6765D000F0D13E /* Build configuration list for PBXNativeTarget "test_notification" */;
			buildPhases = (
				C1C63E541B6765D000F0D13E /* Sources */,
				C1C63E551B6765D000F0D13E /* Frameworks */,
				C1C63E561B6765D000F0D13E /* Resources */,
			);
			buildRules = (
			);
			dependencies = (
			);
			name = test_notification;
			productName = test_notification;
			productReference = C1C63E581B6765D000F0D13E /* test_notification.app */;
			productType = "com.apple.product-type.application";
		};
		C1C63E6C1B6765D000F0D13E /* test_notificationTests */ = {
			isa = PBXNativeTarget;
			buildConfigurationList = C1C63E7A1B6765D000F0D13E /* Build configuration list for PBXNativeTarget "test_notificationTests" */;
			buildPhases = (
				C1C63E691B6765D000F0D13E /* Sources */,
				C1C63E6A1B6765D000F0D13E /* Frameworks */,
				C1C63E6B1B6765D000F0D13E /* Resources */,
			);
			buildRules = (
			);
			dependencies = (
				C1C63E6F1B6765D000F0D13E /* PBXTargetDependency */,
			);
			name = test_notificationTests;
			productName = test_notificationTests;
			productReference = C1C63E6D1B6765D000F0D13E /* test_notificationTests.xctest */;
			productType = "com.apple.product-type.bundle.unit-test";
		};
/* End PBXNativeTarget section */

/* Begin PBXProject section */
		C1C63E501B6765D000F0D13E /* Project object */ = {
			isa = PBXProject;
			attributes = {
				LastUpgradeCheck = 0640;
				ORGANIZATIONNAME = txm;
				TargetAttributes = {
					C1C63E571B6765D000F0D13E = {
						CreatedOnToolsVersion = 6.4;
					};
					C1C63E6C1B6765D000F0D13E = {
						CreatedOnToolsVersion = 6.4;
						TestTargetID = C1C63E571B6765D000F0D13E;
					};
				};
			};
			buildConfigurationList = C1C63E531B6765D000F0D13E /* Build configuration list for PBXProject "test_notification" */;
			compatibilityVersion = "Xcode 3.2";
			developmentRegion = English;
			hasScannedForEncodings = 0;
			knownRegions = (
				en,
				Base,
			);
			mainGroup = C1C63E4F1B6765D000F0D13E;
			productRefGroup = C1C63E591B6765D000F0D13E /* Products */;
			projectDirPath = "";
			projectRoot = "";
			targets = (
				C1C63E571B6765D000F0D13E /* test_notification */,
				C1C63E6C1B6765D000F0D13E /* test_notificationTests */,
			);
		};
/* End PBXProject section */

/* Begin PBXResourcesBuildPhase section */
		C1C63E561B6765D000F0D13E /* Resources */ = {
			isa = PBXResourcesBuildPhase;
			buildActionMask = 2147483647;
			files = (
				C1C63E631B6765D000F0D13E /* Main.storyboard in Resources */,
				C1C63E681B6765D000F0D13E /* LaunchScreen.xib in Resources */,
				C1C63E651B6765D000F0D13E /* Images.xcassets in Resources */,
			);
			runOnlyForDeploymentPostprocessing = 0;
		};
		C1C63E6B1B6765D000F0D13E /* Resources */ = {
			isa = PBXResourcesBuildPhase;
			buildActionMask = 2147483647;
			files = (
			);
			runOnlyForDeploymentPostprocessing = 0;
		};
/* End PBXResourcesBuildPhase section */

/* Begin PBXSourcesBuildPhase section */
		C1C63E541B6765D000F0D13E /* Sources */ = {
			isa = PBXSourcesBuildPhase;
			buildActionMask = 2147483647;
			files = (
				C1C63E601B6765D000F0D13E /* ViewController.swift in Sources */,
				C1C63E5E1B6765D000F0D13E /* AppDelegate.swift in Sources */,
			);
			runOnlyForDeploymentPostprocessing = 0;
		};
		C1C63E691B6765D000F0D13E /* Sources */ = {
			isa = PBXSourcesBuildPhase;
			buildActionMask = 2147483647;
			files = (
				C1C63E741B6765D000F0D13E /* test_notificationTests.swift in Sources */,
			);
			runOnlyForDeploymentPostprocessing = 0;
		};
/* End PBXSourcesBuildPhase section */

/* Begin PBXTargetDependency section */
		C1C63E6F1B6765D000F0D13E /* PBXTargetDependency */ = {
			isa = PBXTargetDependency;
			target = C1C63E571B6765D000F0D13E /* test_notification */;
			targetProxy = C1C63E6E1B6765D000F0D13E /* PBXContainerItemProxy */;
		};
/* End PBXTargetDependency section */

/* Begin PBXVariantGroup section */
		C1C63E611B6765D000F0D13E /* Main.storyboard */ = {
			isa = PBXVariantGroup;
			children = (
				C1C63E621B6765D000F0D13E /* Base */,
			);
			name = Main.storyboard;
			sourceTree = "<group>";
		};
		C1C63E661B6765D000F0D13E /* LaunchScreen.xib */ = {
			isa = PBXVariantGroup;
			children = (
				C1C63E671B6765D000F0D13E /* Base */,
			);
			name = LaunchScreen.xib;
			sourceTree = "<group>";
		};
/* End PBXVariantGroup section */

/* Begin XCBuildConfiguration section */
		C1C63E751B6765D000F0D13E /* Debug */ = {
			isa = XCBuildConfiguration;
			buildSettings = {
				ALWAYS_SEARCH_USER_PATHS = NO;
				CLANG_CXX_LANGUAGE_STANDARD = "gnu++0x";
				CLANG_CXX_LIBRARY = "libc++";
				CLANG_ENABLE_MODULES = YES;
				CLANG_ENABLE_OBJC_ARC = YES;
				CLANG_WARN_BOOL_CONVERSION = YES;
				CLANG_WARN_CONSTANT_CONVERSION = YES;
				CLANG_WARN_DIRECT_OBJC_ISA_USAGE = YES_ERROR;
				CLANG_WARN_EMPTY_BODY = YES;
				CLANG_WARN_ENUM_CONVERSION = YES;
				CLANG_WARN_INT_CONVERSION = YES;
				CLANG_WARN_OBJC_ROOT_CLASS = YES_ERROR;
				CLANG_WARN_UNREACHABLE_CODE = YES;
				CLANG_WARN__DUPLICATE_METHOD_MATCH = YES;
				"CODE_SIGN_IDENTITY[sdk=iphoneos*]" = "iPhone Developer";
				COPY_PHASE_STRIP = NO;
				DEBUG_INFORMATION_FORMAT = "dwarf-with-dsym";
				ENABLE_STRICT_OBJC_MSGSEND = YES;
				GCC_C_LANGUAGE_STANDARD = gnu99;
				GCC_DYNAMIC_NO_PIC = NO;
				GCC_NO_COMMON_BLOCKS = YES;
				GCC_OPTIMIZATION_LEVEL = 0;
				GCC_PREPROCESSOR_DEFINITIONS = (
					"DEBUG=1",
					"$(inherited)",
				);
				GCC_SYMBOLS_PRIVATE_EXTERN = NO;
				GCC_WARN_64_TO_32_BIT_CONVERSION = YES;
				GCC_WARN_ABOUT_RETURN_TYPE = YES_ERROR;
				GCC_WARN_UNDECLARED_SELECTOR = YES;
				GCC_WARN_UNINITIALIZED_AUTOS = YES_AGGRESSIVE;
				GCC_WARN_UNUSED_FUNCTION = YES;
				GCC_WARN_UNUSED_VARIABLE = YES;
				IPHONEOS_DEPLOYMENT_TARGET = 8.4;
				MTL_ENABLE_DEBUG_INFO = YES;
				ONLY_ACTIVE_ARCH = YES;
				SDKROOT = iphoneos;
				SWIFT_OPTIMIZATION_LEVEL = "-Onone";
			};
			name = Debug;
		};
		C1C63E761B6765D000F0D13E /* Release */ = {
			isa = XCBuildConfiguration;
			buildSettings = {
				ALWAYS_SEARCH_USER_PATHS = NO;
				CLANG_CXX_LANGUAGE_STANDARD = "gnu++0x";
				CLANG_CXX_LIBRARY = "libc++";
				CLANG_ENABLE_MODULES = YES;
				CLANG_ENABLE_OBJC_ARC = YES;
				CLANG_WARN_BOOL_CONVERSION = YES;
				CLANG_WARN_CONSTANT_CONVERSION = YES;
				CLANG_WARN_DIRECT_OBJC_ISA_USAGE = YES_ERROR;
				CLANG_WARN_EMPTY_BODY = YES;
				CLANG_WARN_ENUM_CONVERSION = YES;
				CLANG_WARN_INT_CONVERSION = YES;
				CLANG_WARN_OBJC_ROOT_CLASS = YES_ERROR;
				CLANG_WARN_UNREACHABLE_CODE = YES;
				CLANG_WARN__DUPLICATE_METHOD_MATCH = YES;
				"CODE_SIGN_IDENTITY[sdk=iphoneos*]" = "iPhone Developer";
				COPY_PHASE_STRIP = NO;
				DEBUG_INFORMATION_FORMAT = "dwarf-with-dsym";
				ENABLE_NS_ASSERTIONS = NO;
				ENABLE_STRICT_OBJC_MSGSEND = YES;
				GCC_C_LANGUAGE_STANDARD = gnu99;
				GCC_NO_COMMON_BLOCKS = YES;
				GCC_WARN_64_TO_32_BIT_CONVERSION = YES;
				GCC_WARN_ABOUT_RETURN_TYPE = YES_ERROR;
				GCC_WARN_UNDECLARED_SELECTOR = YES;
				GCC_WARN_UNINITIALIZED_AUTOS = YES_AGGRESSIVE;
				GCC_WARN_UNUSED_FUNCTION = YES;
				GCC_WARN_UNUSED_VARIABLE = YES;
				IPHONEOS_DEPLOYMENT_TARGET = 8.4;
				MTL_ENABLE_DEBUG_INFO = NO;
				SDKROOT = iphoneos;
				VALIDATE_PRODUCT = YES;
			};
			name = Release;
		};
		C1C63E781B6765D000F0D13E /* Debug */ = {
			isa = XCBuildConfiguration;
			buildSettings = {
				ASSETCATALOG_COMPILER_APPICON_NAME = AppIcon;
				INFOPLIST_FILE = test_notification/Info.plist;
				LD_RUNPATH_SEARCH_PATHS = "$(inherited) @executable_path/Frameworks";
				PRODUCT_NAME = "$(TARGET_NAME)";
			};
			name = Debug;
		};
		C1C63E791B6765D000F0D13E /* Release */ = {
			isa = XCBuildConfiguration;
			buildSettings = {
				ASSETCATALOG_COMPILER_APPICON_NAME = AppIcon;
				INFOPLIST_FILE = test_notification/Info.plist;
				LD_RUNPATH_SEARCH_PATHS = "$(inherited) @executable_path/Frameworks";
				PRODUCT_NAME = "$(TARGET_NAME)";
			};
			name = Release;
		};
		C1C63E7B1B6765D000F0D13E /* Debug */ = {
			isa = XCBuildConfiguration;
			buildSettings = {
				BUNDLE_LOADER = "$(TEST_HOST)";
				FRAMEWORK_SEARCH_PATHS = (
					"$(SDKROOT)/Developer/Library/Frameworks",
					"$(inherited)",
				);
				GCC_PREPROCESSOR_DEFINITIONS = (
					"DEBUG=1",
					"$(inherited)",
				);
				INFOPLIST_FILE = test_notificationTests/Info.plist;
				LD_RUNPATH_SEARCH_PATHS = "$(inherited) @executable_path/Frameworks @loader_path/Frameworks";
				PRODUCT_NAME = "$(TARGET_NAME)";
				TEST_HOST = "$(BUILT_PRODUCTS_DIR)/test_notification.app/test_notification";
			};
			name = Debug;
		};
		C1C63E7C1B6765D000F0D13E /* Release */ = {
			isa = XCBuildConfiguration;
			buildSettings = {
				BUNDLE_LOADER = "$(TEST_HOST)";
				FRAMEWORK_SEARCH_PATHS = (
					"$(SDKROOT)/Developer/Library/Frameworks",
					"$(inherited)",
				);
				INFOPLIST_FILE = test_notificationTests/Info.plist;
				LD_RUNPATH_SEARCH_PATHS = "$(inherited) @executable_path/Frameworks @loader_path/Frameworks";
				PRODUCT_NAME = "$(TARGET_NAME)";
				TEST_HOST = "$(BUILT_PRODUCTS_DIR)/test_notification.app/test_notification";
			};
			name = Release;
		};
/* End XCBuildConfiguration section */

/* Begin XCConfigurationList section */
		C1C63E531B6765D000F0D13E /* Build configuration list for PBXProject "test_notification" */ = {
			isa = XCConfigurationList;
			buildConfigurations = (
				C1C63E751B6765D000F0D13E /* Debug */,
				C1C63E761B6765D000F0D13E /* Release */,
			);
			defaultConfigurationIsVisible = 0;
			defaultConfigurationName = Release;
		};
		C1C63E771B6765D000F0D13E /* Build configuration list for PBXNativeTarget "test_notification" */ = {
			isa = XCConfigurationList;
			buildConfigurations = (
				C1C63E781B6765D000F0D13E /* Debug */,
				C1C63E791B6765D000F0D13E /* Release */,
			);
			defaultConfigurationIsVisible = 0;
		};
		C1C63E7A1B6765D000F0D13E /* Build configuration list for PBXNativeTarget "test_notificationTests" */ = {
			isa = XCConfigurationList;
			buildConfigurations = (
				C1C63E7B1B6765D000F0D13E /* Debug */,
				C1C63E7C1B6765D000F0D13E /* Release */,
			);
			defaultConfigurationIsVisible = 0;
		};
/* End XCConfigurationList section */
	};
	rootObject = C1C63E501B6765D000F0D13E /* Project object */;
}
